<?xml version="1.0" encoding="utf-8"?>
<Project ToolsVersion="4.0" xmlns="http://schemas.microsoft.com/developer/msbuild/2003">
  <ItemGroup>
    <Filter Include="Source Files">
      <UniqueIdentifier>{4FC737F1-C7A5-4376-A066-2A32D752A2FF}</UniqueIdentifier>
      <Extensions>cpp;c;cc;cxx;def;odl;idl;hpj;bat;asm;asmx</Extensions>
    </Filter>
    <Filter Include="Header Files">
      <UniqueIdentifier>{93995380-89BD-4b04-88EB-625FBE52EBFB}</UniqueIdentifier>
      <Extensions>h;hpp;hxx;hm;inl;inc;xsd</Extensions>
    </Filter>
    <Filter Include="Resource Files">
      <UniqueIdentifier>{67DA6AB6-F800-4c08-8B7A-83BB121AAD01}</UniqueIdentifier>
      <Extensions>rc;ico;cur;bmp;dlg;rc2;rct;bin;rgs;gif;jpg;jpeg;jpe;resx;tiff;tif;png;wav;mfcribbon-ms</Extensions>
    </Filter>
    <Filter Include="Interface">
      <UniqueIdentifier>{725f03ec-871f-4def-ae82-a4f9d2575e1b}</UniqueIdentifier>
    </Filter>
    <Filter Include="Source Files\AlarmEventCenter">
      <UniqueIdentifier>{dcdb0810-d2e6-4fc3-923c-d83b7ec808ac}</UniqueIdentifier>
    </Filter>
    <Filter Include="CommUtil">
      <UniqueIdentifier>{33bc047e-8e5a-4824-a97d-f6df83155db3}</UniqueIdentifier>
    </Filter>
  </ItemGroup>
  <ItemGroup>
    <None Include="ReadMe.txt" />
    <None Include="registry.bin">
      <Filter>Resource Files</Filter>
    </None>
  </ItemGroup>
  <ItemGroup>
    <ClInclude Include="stdafx.h">
      <Filter>Header Files</Filter>
    </ClInclude>
    <ClInclude Include="targetver.h">
      <Filter>Header Files</Filter>
    </ClInclude>
    <ClInclude Include="OpcAeDemoSvr.h">
      <Filter>Header Files</Filter>
    </ClInclude>
    <ClInclude Include="..\..\interface\ScOpcAeSvr\IOpcAreaNode.h">
      <Filter>Interface</Filter>
    </ClInclude>
    <ClInclude Include="..\..\interface\ScOpcAeSvr\IOpcEvent.h">
      <Filter>Interface</Filter>
    </ClInclude>
    <ClInclude Include="..\..\interface\ScOpcAeSvr\opc_ae.h">
      <Filter>Interface</Filter>
    </ClInclude>
    <ClInclude Include="..\..\interface\ScOpcAeSvr\opcaedef.h">
      <Filter>Interface</Filter>
    </ClInclude>
    <ClInclude Include="..\..\interface\ScOpcAeSvr\OpcAeObjFactory.h">
      <Filter>Interface</Filter>
    </ClInclude>
    <ClInclude Include="..\..\interface\ScOpcAeSvr\OpcCondition.h">
      <Filter>Interface</Filter>
    </ClInclude>
    <ClInclude Include="..\..\interface\ScOpcAeSvr\OpcEventCategory.h">
      <Filter>Interface</Filter>
    </ClInclude>
    <ClInclude Include="..\..\interface\ScOpcAeSvr\ScOpcAeSvr.h">
      <Filter>Interface</Filter>
    </ClInclude>
    <ClInclude Include="resource.h">
      <Filter>Header Files</Filter>
    </ClInclude>
    <ClInclude Include="IAlarmEventCenter.h">
      <Filter>Header Files</Filter>
    </ClInclude>
    <ClInclude Include="TrackingEventCenter.h">
      <Filter>Header Files</Filter>
    </ClInclude>
    <ClInclude Include="SimpleEventCenter.h">
      <Filter>Header Files</Filter>
    </ClInclude>
    <ClInclude Include="ConditionEventCenter.h">
      <Filter>Header Files</Filter>
    </ClInclude>
    <ClInclude Include="AreaBuilder.h">
      <Filter>Header Files</Filter>
    </ClInclude>
  </ItemGroup>
  <ItemGroup>
    <ClCompile Include="stdafx.cpp">
      <Filter>Source Files</Filter>
    </ClCompile>
    <ClCompile Include="main.cpp">
      <Filter>Source Files</Filter>
    </ClCompile>
    <ClCompile Include="OpcAeDemoSvr.cpp">
      <Filter>Source Files</Filter>
    </ClCompile>
    <ClCompile Include="SimpleEventCenter.cpp">
      <Filter>Source Files\AlarmEventCenter</Filter>
    </ClCompile>
    <ClCompile Include="TrackingEventCenter.cpp">
      <Filter>Source Files\AlarmEventCenter</Filter>
    </ClCompile>
    <ClCompile Include="ConditionEventCenter.cpp">
      <Filter>Source Files\AlarmEventCenter</Filter>
    </ClCompile>
    <ClCompile Include="..\..\src\CommUtil\SimpleThread.cpp">
      <Filter>CommUtil</Filter>
    </ClCompile>
    <ClCompile Include="AreaBuilder.cpp">
      <Filter>Source Files</Filter>
    </ClCompile>
  </ItemGroup>
  <ItemGroup>
    <ResourceCompile Include="OpcAeDemoSvr.rc">
      <Filter>Resource Files</Filter>
    </ResourceCompile>
  </ItemGroup>
</Project>